
Microsoft Visual Studio Solution File, Format Version 12.00
# Visual Studio Version 17
VisualStudioVersion = 17.2.32630.192
MinimumVisualStudioVersion = 10.0.40219.1
Project("{9A19103F-16F7-4668-BE54-9A1E7A4F7556}") = "Activity 1", "Activity 1\Activity 1.csproj", "{F5A54635-C4C8-4C98-9FAC-578BDC049EDD}"
EndProject
Project("{2150E333-8FDC-42A3-9474-1A3956D46DE8}") = "Screenshots", "Screenshots", "{E9A91FC7-15DA-45CD-9EB8-F85728C27713}"
	ProjectSection(SolutionItems) = preProject
		..\..\..\..\..\Downloads\activity1a.png = ..\..\..\..\..\Downloads\activity1a.png
		..\..\..\..\..\Downloads\activity1b.png = ..\..\..\..\..\Downloads\activity1b.png
		..\..\..\..\..\Downloads\activity1c.png = ..\..\..\..\..\Downloads\activity1c.png
	EndProjectSection
EndProject
Global
	GlobalSection(SolutionConfigurationPlatforms) = preSolution
		Debug|Any CPU = Debug|Any CPU
		Release|Any CPU = Release|Any CPU
	EndGlobalSection
	GlobalSection(ProjectConfigurationPlatforms) = postSolution
		{F5A54635-C4C8-4C98-9FAC-578BDC049EDD}.Debug|Any CPU.ActiveCfg = Debug|Any CPU
		{F5A54635-C4C8-4C98-9FAC-578BDC049EDD}.Debug|Any CPU.Build.0 = Debug|Any CPU
		{F5A54635-C4C8-4C98-9FAC-578BDC049EDD}.Release|Any CPU.ActiveCfg = Release|Any CPU
		{F5A54635-C4C8-4C98-9FAC-578BDC049EDD}.Release|Any CPU.Build.0 = Release|Any CPU
	EndGlobalSection
	GlobalSection(SolutionProperties) = preSolution
		HideSolutionNode = FALSE
	EndGlobalSection
	GlobalSection(ExtensibilityGlobals) = postSolution
		SolutionGuid = {B1D3B11F-6148-404F-8D8B-4728C477CBDF}
	EndGlobalSection
EndGlobal
